// !$*UTF8*$!
{
	archiveVersion = 1;
	classes = {
	};
	objectVersion = 46;
	objects = {

/* Begin PBXBuildFile section */
		9266FBB01956424B00FC5B29 /* QuartzCore.framework in Frameworks */ = {isa = PBXBuildFile; fileRef = 9266FBAF1956424B00FC5B29 /* QuartzCore.framework */; };
		9266FBB2195647CA00FC5B29 /* CoreLocation.framework in Frameworks */ = {isa = PBXBuildFile; fileRef = 9266FBB1195647CA00FC5B29 /* CoreLocation.framework */; };
		9299C0041953D16B00CCAC20 /* THNavigationController.m in Sources */ = {isa = PBXBuildFile; fileRef = 9299C0031953D16B00CCAC20 /* THNavigationController.m */; };
		9299C0091953D7A700CCAC20 /* THEntryCell.m in Sources */ = {isa = PBXBuildFile; fileRef = 9299C0081953D7A700CCAC20 /* THEntryCell.m */; };
		92ACF483194C6AAE00F036CB /* THCoreDataStack.m in Sources */ = {isa = PBXBuildFile; fileRef = 92ACF482194C6AAE00F036CB /* THCoreDataStack.m */; };
		92ACF486194D0A6400F036CB /* THDiaryEntry.m in Sources */ = {isa = PBXBuildFile; fileRef = 92ACF485194D0A6400F036CB /* THDiaryEntry.m */; };
		92ACF488194DE90200F036CB /* MainStoryboard.storyboard in Resources */ = {isa = PBXBuildFile; fileRef = 92ACF487194DE90200F036CB /* MainStoryboard.storyboard */; };
		92ACF48B194E3E9C00F036CB /* THNewEntryViewController.m in Sources */ = {isa = PBXBuildFile; fileRef = 92ACF48A194E3E9C00F036CB /* THNewEntryViewController.m */; };
		92ACF48E194E583D00F036CB /* THEntryListViewController.m in Sources */ = {isa = PBXBuildFile; fileRef = 92ACF48D194E583D00F036CB /* THEntryListViewController.m */; };
		92ACF490194E593C00F036CB /* CoreData.framework in Frameworks */ = {isa = PBXBuildFile; fileRef = 92ACF48F194E593C00F036CB /* CoreData.framework */; };
		92C5140B194952CD00C8AB96 /* main.m in Sources */ = {isa = PBXBuildFile; fileRef = 92C5140A194952CD00C8AB96 /* main.m */; };
		92C5140E194952CD00C8AB96 /* AppDelegate.m in Sources */ = {isa = PBXBuildFile; fileRef = 92C5140D194952CD00C8AB96 /* AppDelegate.m */; };
		92C51411194952CD00C8AB96 /* Diary.xcdatamodeld in Sources */ = {isa = PBXBuildFile; fileRef = 92C5140F194952CD00C8AB96 /* Diary.xcdatamodeld */; };
		92C51413194952CD00C8AB96 /* Images.xcassets in Resources */ = {isa = PBXBuildFile; fileRef = 92C51412194952CD00C8AB96 /* Images.xcassets */; };
		92C5141F194952CD00C8AB96 /* DiaryTests.m in Sources */ = {isa = PBXBuildFile; fileRef = 92C5141E194952CD00C8AB96 /* DiaryTests.m */; };
/* End PBXBuildFile section */

/* Begin PBXContainerItemProxy section */
		9266FBAD1956422C00FC5B29 /* PBXContainerItemProxy */ = {
			isa = PBXContainerItemProxy;
			containerPortal = 92C513FD194952CD00C8AB96 /* Project object */;
			proxyType = 1;
			remoteGlobalIDString = 92C51404194952CD00C8AB96;
			remoteInfo = Diary;
		};
		92C51419194952CD00C8AB96 /* PBXContainerItemProxy */ = {
			isa = PBXContainerItemProxy;
			containerPortal = 92C513FD194952CD00C8AB96 /* Project object */;
			proxyType = 1;
			remoteGlobalIDString = 92C51404194952CD00C8AB96;
			remoteInfo = Diary;
		};
/* End PBXContainerItemProxy section */

/* Begin PBXFileReference section */
		9266FBAF1956424B00FC5B29 /* QuartzCore.framework */ = {isa = PBXFileReference; lastKnownFileType = wrapper.framework; name = QuartzCore.framework; path = System/Library/Frameworks/QuartzCore.framework; sourceTree = SDKROOT; };
		9266FBB1195647CA00FC5B29 /* CoreLocation.framework */ = {isa = PBXFileReference; lastKnownFileType = wrapper.framework; name = CoreLocation.framework; path = System/Library/Frameworks/CoreLocation.framework; sourceTree = SDKROOT; };
		9299C0021953D16B00CCAC20 /* THNavigationController.h */ = {isa = PBXFileReference; fileEncoding = 4; lastKnownFileType = sourcecode.c.h; path = THNavigationController.h; sourceTree = "<group>"; };
		9299C0031953D16B00CCAC20 /* THNavigationController.m */ = {isa = PBXFileReference; fileEncoding = 4; lastKnownFileType = sourcecode.c.objc; path = THNavigationController.m; sourceTree = "<group>"; };
		9299C0071953D7A700CCAC20 /* THEntryCell.h */ = {isa = PBXFileReference; fileEncoding = 4; lastKnownFileType = sourcecode.c.h; path = THEntryCell.h; sourceTree = "<group>"; };
		9299C0081953D7A700CCAC20 /* THEntryCell.m */ = {isa = PBXFileReference; fileEncoding = 4; lastKnownFileType = sourcecode.c.objc; path = THEntryCell.m; sourceTree = "<group>"; };
		92ACF481194C6AAE00F036CB /* THCoreDataStack.h */ = {isa = PBXFileReference; fileEncoding = 4; lastKnownFileType = sourcecode.c.h; path = THCoreDataStack.h; sourceTree = "<group>"; };
		92ACF482194C6AAE00F036CB /* THCoreDataStack.m */ = {isa = PBXFileReference; fileEncoding = 4; lastKnownFileType = sourcecode.c.objc; path = THCoreDataStack.m; sourceTree = "<group>"; };
		92ACF484194D0A6400F036CB /* THDiaryEntry.h */ = {isa = PBXFileReference; fileEncoding = 4; lastKnownFileType = sourcecode.c.h; path = THDiaryEntry.h; sourceTree = "<group>"; };
		92ACF485194D0A6400F036CB /* THDiaryEntry.m */ = {isa = PBXFileReference; fileEncoding = 4; lastKnownFileType = sourcecode.c.objc; path = THDiaryEntry.m; sourceTree = "<group>"; };
		92ACF487194DE90200F036CB /* MainStoryboard.storyboard */ = {isa = PBXFileReference; fileEncoding = 4; lastKnownFileType = file.storyboard; path = MainStoryboard.storyboard; sourceTree = "<group>"; };
		92ACF489194E3E9C00F036CB /* THNewEntryViewController.h */ = {isa = PBXFileReference; fileEncoding = 4; lastKnownFileType = sourcecode.c.h; path = THNewEntryViewController.h; sourceTree = "<group>"; };
		92ACF48A194E3E9C00F036CB /* THNewEntryViewController.m */ = {isa = PBXFileReference; fileEncoding = 4; lastKnownFileType = sourcecode.c.objc; path = THNewEntryViewController.m; sourceTree = "<group>"; };
		92ACF48C194E583D00F036CB /* THEntryListViewController.h */ = {isa = PBXFileReference; fileEncoding = 4; lastKnownFileType = sourcecode.c.h; path = THEntryListViewController.h; sourceTree = "<group>"; };
		92ACF48D194E583D00F036CB /* THEntryListViewController.m */ = {isa = PBXFileReference; fileEncoding = 4; lastKnownFileType = sourcecode.c.objc; path = THEntryListViewController.m; sourceTree = "<group>"; };
		92ACF48F194E593C00F036CB /* CoreData.framework */ = {isa = PBXFileReference; lastKnownFileType = wrapper.framework; name = CoreData.framework; path = System/Library/Frameworks/CoreData.framework; sourceTree = SDKROOT; };
		92C51405194952CD00C8AB96 /* Diary.app */ = {isa = PBXFileReference; explicitFileType = wrapper.application; includeInIndex = 0; path = Diary.app; sourceTree = BUILT_PRODUCTS_DIR; };
		92C51409194952CD00C8AB96 /* Info.plist */ = {isa = PBXFileReference; lastKnownFileType = text.plist.xml; path = Info.plist; sourceTree = "<group>"; };
		92C5140A194952CD00C8AB96 /* main.m */ = {isa = PBXFileReference; lastKnownFileType = sourcecode.c.objc; path = main.m; sourceTree = "<group>"; };
		92C5140C194952CD00C8AB96 /* AppDelegate.h */ = {isa = PBXFileReference; lastKnownFileType = sourcecode.c.h; path = AppDelegate.h; sourceTree = "<group>"; };
		92C5140D194952CD00C8AB96 /* AppDelegate.m */ = {isa = PBXFileReference; lastKnownFileType = sourcecode.c.objc; path = AppDelegate.m; sourceTree = "<group>"; };
		92C51410194952CD00C8AB96 /* Diary.xcdatamodel */ = {isa = PBXFileReference; lastKnownFileType = wrapper.xcdatamodel; path = Diary.xcdatamodel; sourceTree = "<group>"; };
		92C51412194952CD00C8AB96 /* Images.xcassets */ = {isa = PBXFileReference; lastKnownFileType = folder.assetcatalog; path = Images.xcassets; sourceTree = "<group>"; };
		92C51418194952CD00C8AB96 /* DiaryTests.xctest */ = {isa = PBXFileReference; explicitFileType = wrapper.cfbundle; includeInIndex = 0; path = DiaryTests.xctest; sourceTree = BUILT_PRODUCTS_DIR; };
		92C5141D194952CD00C8AB96 /* Info.plist */ = {isa = PBXFileReference; lastKnownFileType = text.plist.xml; path = Info.plist; sourceTree = "<group>"; };
		92C5141E194952CD00C8AB96 /* DiaryTests.m */ = {isa = PBXFileReference; lastKnownFileType = sourcecode.c.objc; path = DiaryTests.m; sourceTree = "<group>"; };
/* End PBXFileReference section */

/* Begin PBXFrameworksBuildPhase section */
		92C51402194952CD00C8AB96 /* Frameworks */ = {
			isa = PBXFrameworksBuildPhase;
			buildActionMask = 2147483647;
			files = (
				9266FBB2195647CA00FC5B29 /* CoreLocation.framework in Frameworks */,
				9266FBB01956424B00FC5B29 /* QuartzCore.framework in Frameworks */,
				92ACF490194E593C00F036CB /* CoreData.framework in Frameworks */,
			);
			runOnlyForDeploymentPostprocessing = 0;
		};
		92C51415194952CD00C8AB96 /* Frameworks */ = {
			isa = PBXFrameworksBuildPhase;
			buildActionMask = 2147483647;
			files = (
			);
			runOnlyForDeploymentPostprocessing = 0;
		};
/* End PBXFrameworksBuildPhase section */

/* Begin PBXGroup section */
		9266FBAC1956026D00FC5B29 /* Data Classes */ = {
			isa = PBXGroup;
			children = (
				92ACF484194D0A6400F036CB /* THDiaryEntry.h */,
				92ACF485194D0A6400F036CB /* THDiaryEntry.m */,
			);
			name = "Data Classes";
			sourceTree = "<group>";
		};
		9299C0051953D30000CCAC20 /* Controllers */ = {
			isa = PBXGroup;
			children = (
				92ACF489194E3E9C00F036CB /* THNewEntryViewController.h */,
				92ACF48A194E3E9C00F036CB /* THNewEntryViewController.m */,
				92ACF48C194E583D00F036CB /* THEntryListViewController.h */,
				92ACF48D194E583D00F036CB /* THEntryListViewController.m */,
				9299C0021953D16B00CCAC20 /* THNavigationController.h */,
				9299C0031953D16B00CCAC20 /* THNavigationController.m */,
			);
			name = Controllers;
			sourceTree = "<group>";
		};
		9299C0061953D30F00CCAC20 /* Core Data Classes */ = {
			isa = PBXGroup;
			children = (
				92ACF481194C6AAE00F036CB /* THCoreDataStack.h */,
				92ACF482194C6AAE00F036CB /* THCoreDataStack.m */,
			);
			name = "Core Data Classes";
			sourceTree = "<group>";
		};
		92C513FC194952CD00C8AB96 = {
			isa = PBXGroup;
			children = (
				92C51407194952CD00C8AB96 /* Diary */,
				92C51408194952CD00C8AB96 /* Supporting Files */,
				92C5141B194952CD00C8AB96 /* DiaryTests */,
				92C51406194952CD00C8AB96 /* Products */,
			);
			sourceTree = "<group>";
		};
		92C51406194952CD00C8AB96 /* Products */ = {
			isa = PBXGroup;
			children = (
				92C51405194952CD00C8AB96 /* Diary.app */,
				92C51418194952CD00C8AB96 /* DiaryTests.xctest */,
			);
			name = Products;
			sourceTree = "<group>";
		};
		92C51407194952CD00C8AB96 /* Diary */ = {
			isa = PBXGroup;
			children = (
				92C5140C194952CD00C8AB96 /* AppDelegate.h */,
				92C5140D194952CD00C8AB96 /* AppDelegate.m */,
				92C51412194952CD00C8AB96 /* Images.xcassets */,
				92C5140F194952CD00C8AB96 /* Diary.xcdatamodeld */,
				92ACF487194DE90200F036CB /* MainStoryboard.storyboard */,
				9266FBAC1956026D00FC5B29 /* Data Classes */,
				9299C0061953D30F00CCAC20 /* Core Data Classes */,
				9299C0051953D30000CCAC20 /* Controllers */,
				9299C0071953D7A700CCAC20 /* THEntryCell.h */,
				9299C0081953D7A700CCAC20 /* THEntryCell.m */,
			);
			path = Diary;
			sourceTree = "<group>";
		};
		92C51408194952CD00C8AB96 /* Supporting Files */ = {
			isa = PBXGroup;
			children = (
				9266FBB1195647CA00FC5B29 /* CoreLocation.framework */,
				9266FBAF1956424B00FC5B29 /* QuartzCore.framework */,
				92ACF48F194E593C00F036CB /* CoreData.framework */,
				92C51409194952CD00C8AB96 /* Info.plist */,
				92C5140A194952CD00C8AB96 /* main.m */,
			);
			name = "Supporting Files";
			path = Diary;
			sourceTree = "<group>";
		};
		92C5141B194952CD00C8AB96 /* DiaryTests */ = {
			isa = PBXGroup;
			children = (
				92C5141E194952CD00C8AB96 /* DiaryTests.m */,
				92C5141C194952CD00C8AB96 /* Supporting Files */,
			);
			path = DiaryTests;
			sourceTree = "<group>";
		};
		92C5141C194952CD00C8AB96 /* Supporting Files */ = {
			isa = PBXGroup;
			children = (
				92C5141D194952CD00C8AB96 /* Info.plist */,
			);
			name = "Supporting Files";
			sourceTree = "<group>";
		};
/* End PBXGroup section */

/* Begin PBXNativeTarget section */
		92C51404194952CD00C8AB96 /* Diary */ = {
			isa = PBXNativeTarget;
			buildConfigurationList = 92C51422194952CD00C8AB96 /* Build configuration list for PBXNativeTarget "Diary" */;
			buildPhases = (
				92C51401194952CD00C8AB96 /* Sources */,
				92C51402194952CD00C8AB96 /* Frameworks */,
				92C51403194952CD00C8AB96 /* Resources */,
			);
			buildRules = (
			);
			dependencies = (
			);
			name = Diary;
			productName = Diary;
			productReference = 92C51405194952CD00C8AB96 /* Diary.app */;
			productType = "com.apple.product-type.application";
		};
		92C51417194952CD00C8AB96 /* DiaryTests */ = {
			isa = PBXNativeTarget;
			buildConfigurationList = 92C51425194952CD00C8AB96 /* Build configuration list for PBXNativeTarget "DiaryTests" */;
			buildPhases = (
				92C51414194952CD00C8AB96 /* Sources */,
				92C51415194952CD00C8AB96 /* Frameworks */,
				92C51416194952CD00C8AB96 /* Resources */,
			);
			buildRules = (
			);
			dependencies = (
				92C5141A194952CD00C8AB96 /* PBXTargetDependency */,
				9266FBAE1956422C00FC5B29 /* PBXTargetDependency */,
			);
			name = DiaryTests;
			productName = DiaryTests;
			productReference = 92C51418194952CD00C8AB96 /* DiaryTests.xctest */;
			productType = "com.apple.product-type.bundle.unit-test";
		};
/* End PBXNativeTarget section */

/* Begin PBXProject section */
		92C513FD194952CD00C8AB96 /* Project object */ = {
			isa = PBXProject;
			attributes = {
				LastUpgradeCheck = 0600;
				ORGANIZATIONNAME = iamtonyarmstrong;
				TargetAttributes = {
					92C51404194952CD00C8AB96 = {
						CreatedOnToolsVersion = 6.0;
					};
					92C51417194952CD00C8AB96 = {
						CreatedOnToolsVersion = 6.0;
						TestTargetID = 92C51404194952CD00C8AB96;
					};
				};
			};
			buildConfigurationList = 92C51400194952CD00C8AB96 /* Build configuration list for PBXProject "Diary" */;
			compatibilityVersion = "Xcode 3.2";
			developmentRegion = English;
			hasScannedForEncodings = 0;
			knownRegions = (
				en,
			);
			mainGroup = 92C513FC194952CD00C8AB96;
			productRefGroup = 92C51406194952CD00C8AB96 /* Products */;
			projectDirPath = "";
			projectRoot = "";
			targets = (
				92C51404194952CD00C8AB96 /* Diary */,
				92C51417194952CD00C8AB96 /* DiaryTests */,
			);
		};
/* End PBXProject section */

/* Begin PBXResourcesBuildPhase section */
		92C51403194952CD00C8AB96 /* Resources */ = {
			isa = PBXResourcesBuildPhase;
			buildActionMask = 2147483647;
			files = (
				92ACF488194DE90200F036CB /* MainStoryboard.storyboard in Resources */,
				92C51413194952CD00C8AB96 /* Images.xcassets in Resources */,
			);
			runOnlyForDeploymentPostprocessing = 0;
		};
		92C51416194952CD00C8AB96 /* Resources */ = {
			isa = PBXResourcesBuildPhase;
			buildActionMask = 2147483647;
			files = (
			);
			runOnlyForDeploymentPostprocessing = 0;
		};
/* End PBXResourcesBuildPhase section */

/* Begin PBXSourcesBuildPhase section */
		92C51401194952CD00C8AB96 /* Sources */ = {
			isa = PBXSourcesBuildPhase;
			buildActionMask = 2147483647;
			files = (
				92ACF48E194E583D00F036CB /* THEntryListViewController.m in Sources */,
				92ACF48B194E3E9C00F036CB /* THNewEntryViewController.m in Sources */,
				92C51411194952CD00C8AB96 /* Diary.xcdatamodeld in Sources */,
				9299C0041953D16B00CCAC20 /* THNavigationController.m in Sources */,
				92ACF483194C6AAE00F036CB /* THCoreDataStack.m in Sources */,
				92C5140E194952CD00C8AB96 /* AppDelegate.m in Sources */,
				92C5140B194952CD00C8AB96 /* main.m in Sources */,
				9299C0091953D7A700CCAC20 /* THEntryCell.m in Sources */,
				92ACF486194D0A6400F036CB /* THDiaryEntry.m in Sources */,
			);
			runOnlyForDeploymentPostprocessing = 0;
		};
		92C51414194952CD00C8AB96 /* Sources */ = {
			isa = PBXSourcesBuildPhase;
			buildActionMask = 2147483647;
			files = (
				92C5141F194952CD00C8AB96 /* DiaryTests.m in Sources */,
			);
			runOnlyForDeploymentPostprocessing = 0;
		};
/* End PBXSourcesBuildPhase section */

/* Begin PBXTargetDependency section */
		9266FBAE1956422C00FC5B29 /* PBXTargetDependency */ = {
			isa = PBXTargetDependency;
			target = 92C51404194952CD00C8AB96 /* Diary */;
			targetProxy = 9266FBAD1956422C00FC5B29 /* PBXContainerItemProxy */;
		};
		92C5141A194952CD00C8AB96 /* PBXTargetDependency */ = {
			isa = PBXTargetDependency;
			target = 92C51404194952CD00C8AB96 /* Diary */;
			targetProxy = 92C51419194952CD00C8AB96 /* PBXContainerItemProxy */;
		};
/* End PBXTargetDependency section */

/* Begin XCBuildConfiguration section */
		92C51420194952CD00C8AB96 /* Debug */ = {
			isa = XCBuildConfiguration;
			buildSettings = {
				ALWAYS_SEARCH_USER_PATHS = NO;
				CLANG_CXX_LANGUAGE_STANDARD = "gnu++0x";
				CLANG_CXX_LIBRARY = "libc++";
				CLANG_ENABLE_MODULES = YES;
				CLANG_ENABLE_OBJC_ARC = YES;
				CLANG_WARN_BOOL_CONVERSION = YES;
				CLANG_WARN_CONSTANT_CONVERSION = YES;
				CLANG_WARN_DIRECT_OBJC_ISA_USAGE = YES_ERROR;
				CLANG_WARN_EMPTY_BODY = YES;
				CLANG_WARN_ENUM_CONVERSION = YES;
				CLANG_WARN_INT_CONVERSION = YES;
				CLANG_WARN_OBJC_ROOT_CLASS = YES_ERROR;
				CLANG_WARN_UNREACHABLE_CODE = YES;
				CLANG_WARN__DUPLICATE_METHOD_MATCH = YES;
				"CODE_SIGN_IDENTITY[sdk=iphoneos*]" = "iPhone Developer";
				COPY_PHASE_STRIP = NO;
				ENABLE_STRICT_OBJC_MSGSEND = YES;
				GCC_C_LANGUAGE_STANDARD = gnu99;
				GCC_DYNAMIC_NO_PIC = NO;
				GCC_OPTIMIZATION_LEVEL = 0;
				GCC_PREPROCESSOR_DEFINITIONS = (
					"DEBUG=1",
					"$(inherited)",
				);
				GCC_SYMBOLS_PRIVATE_EXTERN = NO;
				GCC_WARN_64_TO_32_BIT_CONVERSION = YES;
				GCC_WARN_ABOUT_RETURN_TYPE = YES_ERROR;
				GCC_WARN_UNDECLARED_SELECTOR = YES;
				GCC_WARN_UNINITIALIZED_AUTOS = YES_AGGRESSIVE;
				GCC_WARN_UNUSED_FUNCTION = YES;
				GCC_WARN_UNUSED_VARIABLE = YES;
				IPHONEOS_DEPLOYMENT_TARGET = 8.0;
				METAL_ENABLE_DEBUG_INFO = YES;
				ONLY_ACTIVE_ARCH = YES;
				SDKROOT = iphoneos;
			};
			name = Debug;
		};
		92C51421194952CD00C8AB96 /* Release */ = {
			isa = XCBuildConfiguration;
			buildSettings = {
				ALWAYS_SEARCH_USER_PATHS = NO;
				CLANG_CXX_LANGUAGE_STANDARD = "gnu++0x";
				CLANG_CXX_LIBRARY = "libc++";
				CLANG_ENABLE_MODULES = YES;
				CLANG_ENABLE_OBJC_ARC = YES;
				CLANG_WARN_BOOL_CONVERSION = YES;
				CLANG_WARN_CONSTANT_CONVERSION = YES;
				CLANG_WARN_DIRECT_OBJC_ISA_USAGE = YES_ERROR;
				CLANG_WARN_EMPTY_BODY = YES;
				CLANG_WARN_ENUM_CONVERSION = YES;
				CLANG_WARN_INT_CONVERSION = YES;
				CLANG_WARN_OBJC_ROOT_CLASS = YES_ERROR;
				CLANG_WARN_UNREACHABLE_CODE = YES;
				CLANG_WARN__DUPLICATE_METHOD_MATCH = YES;
				"CODE_SIGN_IDENTITY[sdk=iphoneos*]" = "iPhone Developer";
				COPY_PHASE_STRIP = YES;
				ENABLE_NS_ASSERTIONS = NO;
				ENABLE_STRICT_OBJC_MSGSEND = YES;
				GCC_C_LANGUAGE_STANDARD = gnu99;
				GCC_WARN_64_TO_32_BIT_CONVERSION = YES;
				GCC_WARN_ABOUT_RETURN_TYPE = YES_ERROR;
				GCC_WARN_UNDECLARED_SELECTOR = YES;
				GCC_WARN_UNINITIALIZED_AUTOS = YES_AGGRESSIVE;
				GCC_WARN_UNUSED_FUNCTION = YES;
				GCC_WARN_UNUSED_VARIABLE = YES;
				IPHONEOS_DEPLOYMENT_TARGET = 8.0;
				METAL_ENABLE_DEBUG_INFO = NO;
				SDKROOT = iphoneos;
				VALIDATE_PRODUCT = YES;
			};
			name = Release;
		};
		92C51423194952CD00C8AB96 /* Debug */ = {
			isa = XCBuildConfiguration;
			buildSettings = {
				ASSETCATALOG_COMPILER_APPICON_NAME = AppIcon;
				ASSETCATALOG_COMPILER_LAUNCHIMAGE_NAME = LaunchImage;
				INFOPLIST_FILE = Diary/Info.plist;
				IPHONEOS_DEPLOYMENT_TARGET = 7.1;
				LD_RUNPATH_SEARCH_PATHS = "$(inherited) @executable_path/Frameworks";
				PRODUCT_NAME = "$(TARGET_NAME)";
			};
			name = Debug;
		};
		92C51424194952CD00C8AB96 /* Release */ = {
			isa = XCBuildConfiguration;
			buildSettings = {
				ASSETCATALOG_COMPILER_APPICON_NAME = AppIcon;
				ASSETCATALOG_COMPILER_LAUNCHIMAGE_NAME = LaunchImage;
				INFOPLIST_FILE = Diary/Info.plist;
				IPHONEOS_DEPLOYMENT_TARGET = 7.1;
				LD_RUNPATH_SEARCH_PATHS = "$(inherited) @executable_path/Frameworks";
				PRODUCT_NAME = "$(TARGET_NAME)";
			};
			name = Release;
		};
		92C51426194952CD00C8AB96 /* Debug */ = {
			isa = XCBuildConfiguration;
			buildSettings = {
				BUNDLE_LOADER = "$(BUILT_PRODUCTS_DIR)/Diary.app/Diary";
				FRAMEWORK_SEARCH_PATHS = (
					"$(SDKROOT)/Developer/Library/Frameworks",
					"$(inherited)",
				);
				GCC_PREPROCESSOR_DEFINITIONS = (
					"DEBUG=1",
					"$(inherited)",
				);
				INFOPLIST_FILE = DiaryTests/Info.plist;
				IPHONEOS_DEPLOYMENT_TARGET = 7.1;
				LD_RUNPATH_SEARCH_PATHS = "$(inherited) @executable_path/Frameworks @loader_path/Frameworks";
				METAL_ENABLE_DEBUG_INFO = YES;
				PRODUCT_NAME = "$(TARGET_NAME)";
				TEST_HOST = "$(BUNDLE_LOADER)";
			};
			name = Debug;
		};
		92C51427194952CD00C8AB96 /* Release */ = {
			isa = XCBuildConfiguration;
			buildSettings = {
				BUNDLE_LOADER = "$(BUILT_PRODUCTS_DIR)/Diary.app/Diary";
				FRAMEWORK_SEARCH_PATHS = (
					"$(SDKROOT)/Developer/Library/Frameworks",
					"$(inherited)",
				);
				INFOPLIST_FILE = DiaryTests/Info.plist;
				IPHONEOS_DEPLOYMENT_TARGET = 7.1;
				LD_RUNPATH_SEARCH_PATHS = "$(inherited) @executable_path/Frameworks @loader_path/Frameworks";
				METAL_ENABLE_DEBUG_INFO = NO;
				PRODUCT_NAME = "$(TARGET_NAME)";
				TEST_HOST = "$(BUNDLE_LOADER)";
			};
			name = Release;
		};
/* End XCBuildConfiguration section */

/* Begin XCConfigurationList section */
		92C51400194952CD00C8AB96 /* Build configuration list for PBXProject "Diary" */ = {
			isa = XCConfigurationList;
			buildConfigurations = (
				92C51420194952CD00C8AB96 /* Debug */,
				92C51421194952CD00C8AB96 /* Release */,
			);
			defaultConfigurationIsVisible = 0;
			defaultConfigurationName = Release;
		};
		92C51422194952CD00C8AB96 /* Build configuration list for PBXNativeTarget "Diary" */ = {
			isa = XCConfigurationList;
			buildConfigurations = (
				92C51423194952CD00C8AB96 /* Debug */,
				92C51424194952CD00C8AB96 /* Release */,
			);
			defaultConfigurationIsVisible = 0;
			defaultConfigurationName = Release;
		};
		92C51425194952CD00C8AB96 /* Build configuration list for PBXNativeTarget "DiaryTests" */ = {
			isa = XCConfigurationList;
			buildConfigurations = (
				92C51426194952CD00C8AB96 /* Debug */,
				92C51427194952CD00C8AB96 /* Release */,
			);
			defaultConfigurationIsVisible = 0;
			defaultConfigurationName = Release;
		};
/* End XCConfigurationList section */

/* Begin XCVersionGroup section */
		92C5140F194952CD00C8AB96 /* Diary.xcdatamodeld */ = {
			isa = XCVersionGroup;
			children = (
				92C51410194952CD00C8AB96 /* Diary.xcdatamodel */,
			);
			currentVersion = 92C51410194952CD00C8AB96 /* Diary.xcdatamodel */;
			path = Diary.xcdatamodeld;
			sourceTree = "<group>";
			versionGroupType = wrapper.xcdatamodel;
		};
/* End XCVersionGroup section */
	};
	rootObject = 92C513FD194952CD00C8AB96 /* Project object */;
}
